// !$*UTF8*$!
{
	archiveVersion = 1;
	classes = {
	};
	objectVersion = 70;
	objects = {

/* Begin PBXBuildFile section */
		0636AC49B24892B6D3218592 /* DonationPromptSocialView.swift in Sources */ = {isa = PBXBuildFile; fileRef = 792DE080532D4DFE742D3C32 /* DonationPromptSocialView.swift */; };
		0A871433E8C40242A762EBA1 /* DonationPromptAnchoringView.swift in Sources */ = {isa = PBXBuildFile; fileRef = 6E32BA4D90BC477D50C842DE /* DonationPromptAnchoringView.swift */; };
		25C3CA0774A14A2D92771DD2 /* DonorPerksView.swift in Sources */ = {isa = PBXBuildFile; fileRef = EC3E4DFF77174F609B079B15 /* DonorPerksView.swift */; };
		2862174888A3276568560CE5 /* Config.swift in Sources */ = {isa = PBXBuildFile; fileRef = 0DD056121DE08359D63F5F37 /* Config.swift */; };
		2C31E1F14F2C48118A2E2425 /* StoreKitDonationService.swift in Sources */ = {isa = PBXBuildFile; fileRef = B2B23373D685438F8E699542 /* StoreKitDonationService.swift */; };
		535C8482C0384BF3829FD497 /* BookmarkPreferences.swift in Sources */ = {isa = PBXBuildFile; fileRef = 0DBAFC9D9F8443A5A401AC37 /* BookmarkPreferences.swift */; };
		69E843EED8F1DD0E9ED2EB61 /* DonationPromptVariant.swift in Sources */ = {isa = PBXBuildFile; fileRef = 7F5E225BC324A9C07359BDF2 /* DonationPromptVariant.swift */; };
		6CA76925561A17B90B4E22AA /* ReadingTheme.swift in Sources */ = {isa = PBXBuildFile; fileRef = E03C9505B4D5E972B90582E3 /* ReadingTheme.swift */; };
		7F85AD2685634C81DDD2F461 /* CacheService.swift in Sources */ = {isa = PBXBuildFile; fileRef = 15F3B1712A28409C5CA1370A /* CacheService.swift */; };
		87D22F5BA6144031BF880588 /* LocalDonationRecord.swift in Sources */ = {isa = PBXBuildFile; fileRef = 3A1D76DD1ECC49199554D9DB /* LocalDonationRecord.swift */; };
		9510097C2C92766A0040B21A /* String.swift in Sources */ = {isa = PBXBuildFile; fileRef = 9510097B2C92766A0040B21A /* String.swift */; };
		9510097E2C92815B0040B21A /* SeeSavedNotesView.swift in Sources */ = {isa = PBXBuildFile; fileRef = 9510097D2C92815B0040B21A /* SeeSavedNotesView.swift */; };
		951009802C92824A0040B21A /* SeeHighlightsView.swift in Sources */ = {isa = PBXBuildFile; fileRef = 9510097F2C92824A0040B21A /* SeeHighlightsView.swift */; };
		951009822C9289630040B21A /* AppViewModel.swift in Sources */ = {isa = PBXBuildFile; fileRef = 951009812C9289630040B21A /* AppViewModel.swift */; };
		951009862C9520600040B21A /* UINavigationController.swift in Sources */ = {isa = PBXBuildFile; fileRef = 951009852C9520600040B21A /* UINavigationController.swift */; };
		951009882C9525250040B21A /* summaries.swift in Sources */ = {isa = PBXBuildFile; fileRef = 951009872C9525250040B21A /* summaries.swift */; };
		9510098A2C95364C0040B21A /* ChapterSummaries.swift in Sources */ = {isa = PBXBuildFile; fileRef = 951009892C95364C0040B21A /* ChapterSummaries.swift */; };
		9510098C2C9537350040B21A /* NavigationTitle.swift in Sources */ = {isa = PBXBuildFile; fileRef = 9510098B2C9537350040B21A /* NavigationTitle.swift */; };
		95186D052C893C8100C0949D /* Auth in Frameworks */ = {isa = PBXBuildFile; productRef = 95186D042C893C8100C0949D /* Auth */; };
		95186D072C893C8100C0949D /* Functions in Frameworks */ = {isa = PBXBuildFile; productRef = 95186D062C893C8100C0949D /* Functions */; };
		95186D092C893C8100C0949D /* PostgREST in Frameworks */ = {isa = PBXBuildFile; productRef = 95186D082C893C8100C0949D /* PostgREST */; };
		95186D0B2C893C8100C0949D /* Realtime in Frameworks */ = {isa = PBXBuildFile; productRef = 95186D0A2C893C8100C0949D /* Realtime */; };
		95186D0D2C893C8100C0949D /* Storage in Frameworks */ = {isa = PBXBuildFile; productRef = 95186D0C2C893C8100C0949D /* Storage */; };
		95186D102C893E7500C0949D /* SettingsView.swift in Sources */ = {isa = PBXBuildFile; fileRef = 95186D0F2C893E7500C0949D /* SettingsView.swift */; };
		952F39CD2C8B58A0009A412D /* ParagraphView.swift in Sources */ = {isa = PBXBuildFile; fileRef = 952F39CC2C8B58A0009A412D /* ParagraphView.swift */; };
		952F39CF2C8BA7F3009A412D /* ContentView.swift in Sources */ = {isa = PBXBuildFile; fileRef = 952F39CE2C8BA7F3009A412D /* ContentView.swift */; };
		952F39D72C8BAD75009A412D /* DailyDevotionalView.swift in Sources */ = {isa = PBXBuildFile; fileRef = 952F39D62C8BAD75009A412D /* DailyDevotionalView.swift */; };
		952F39DA2C8BBD3C009A412D /* MarkdownUI in Frameworks */ = {isa = PBXBuildFile; productRef = 952F39D92C8BBD3C009A412D /* MarkdownUI */; };
		952F39DD2C8E36A7009A412D /* AuthenticateView.swift in Sources */ = {isa = PBXBuildFile; fileRef = 952F39DC2C8E36A7009A412D /* AuthenticateView.swift */; };
		952F39DF2C8E36E5009A412D /* FontOptionsView.swift in Sources */ = {isa = PBXBuildFile; fileRef = 952F39DE2C8E36E5009A412D /* FontOptionsView.swift */; };
		952F39E32C8F4874009A412D /* ParagraphParser.swift in Sources */ = {isa = PBXBuildFile; fileRef = 952F39E22C8F4874009A412D /* ParagraphParser.swift */; };
		952F39E52C8F48B8009A412D /* Collection.swift in Sources */ = {isa = PBXBuildFile; fileRef = 952F39E42C8F48B8009A412D /* Collection.swift */; };
		952F39E72C8F61E0009A412D /* Verse.swift in Sources */ = {isa = PBXBuildFile; fileRef = 952F39E62C8F61E0009A412D /* Verse.swift */; };
		952F39EB2C90710B009A412D /* Paragraph.swift in Sources */ = {isa = PBXBuildFile; fileRef = 952F39EA2C90710B009A412D /* Paragraph.swift */; };
		952F39EF2C907159009A412D /* Chapter.swift in Sources */ = {isa = PBXBuildFile; fileRef = 952F39EE2C907159009A412D /* Chapter.swift */; };
		952F39F32C9114A4009A412D /* ColorOptionsView.swift in Sources */ = {isa = PBXBuildFile; fileRef = 952F39F22C9114A4009A412D /* ColorOptionsView.swift */; };
		952F39F52C9115F8009A412D /* Color.swift in Sources */ = {isa = PBXBuildFile; fileRef = 952F39F42C9115F8009A412D /* Color.swift */; };
		952F39F72C920666009A412D /* Note.swift in Sources */ = {isa = PBXBuildFile; fileRef = 952F39F62C920666009A412D /* Note.swift */; };
		952F39F92C920778009A412D /* Version.swift in Sources */ = {isa = PBXBuildFile; fileRef = 952F39F82C920778009A412D /* Version.swift */; };
		952F39FB2C9209FF009A412D /* NoteModalView.swift in Sources */ = {isa = PBXBuildFile; fileRef = 952F39FA2C9209FF009A412D /* NoteModalView.swift */; };
		9537E25E2C893FBD00FD56B9 /* Supabase in Frameworks */ = {isa = PBXBuildFile; productRef = 9537E25D2C893FBD00FD56B9 /* Supabase */; };
		9537E2602C89405C00FD56B9 /* SupabaseClient.swift in Sources */ = {isa = PBXBuildFile; fileRef = 9537E25F2C89405C00FD56B9 /* SupabaseClient.swift */; };
		9537E2642C89502400FD56B9 /* VerificationView.swift in Sources */ = {isa = PBXBuildFile; fileRef = 9537E2632C89502400FD56B9 /* VerificationView.swift */; };
		9537E2672C8A9E1E00FD56B9 /* UserViewModel.swift in Sources */ = {isa = PBXBuildFile; fileRef = 9537E2662C8A9E1E00FD56B9 /* UserViewModel.swift */; };
		954BC9D42C84EDBE00FFCFA6 /* swiftbibleApp.swift in Sources */ = {isa = PBXBuildFile; fileRef = 954BC9D32C84EDBE00FFCFA6 /* swiftbibleApp.swift */; };
		954BC9D62C84EDBE00FFCFA6 /* BibleView.swift in Sources */ = {isa = PBXBuildFile; fileRef = 954BC9D52C84EDBE00FFCFA6 /* BibleView.swift */; };
		954BC9D82C84EDBF00FFCFA6 /* Assets.xcassets in Resources */ = {isa = PBXBuildFile; fileRef = 954BC9D72C84EDBF00FFCFA6 /* Assets.xcassets */; };
		954BC9DC2C84EDBF00FFCFA6 /* Preview Assets.xcassets in Resources */ = {isa = PBXBuildFile; fileRef = 954BC9DB2C84EDBF00FFCFA6 /* Preview Assets.xcassets */; };
		954BC9E42C85005900FFCFA6 /* bible.json in Resources */ = {isa = PBXBuildFile; fileRef = 954BC9E32C85005900FFCFA6 /* bible.json */; };
		954BC9E72C8500D800FFCFA6 /* Book.swift in Sources */ = {isa = PBXBuildFile; fileRef = 954BC9E62C8500D800FFCFA6 /* Book.swift */; };
		954BC9EA2C8500F900FFCFA6 /* BibleService.swift in Sources */ = {isa = PBXBuildFile; fileRef = 954BC9E92C8500F900FFCFA6 /* BibleService.swift */; };
		954BC9ED2C85012200FFCFA6 /* BookDetailView.swift in Sources */ = {isa = PBXBuildFile; fileRef = 954BC9EC2C85012200FFCFA6 /* BookDetailView.swift */; };
		954BC9F02C8501C900FFCFA6 /* ChapterDetailView.swift in Sources */ = {isa = PBXBuildFile; fileRef = 954BC9EF2C8501C900FFCFA6 /* ChapterDetailView.swift */; };
		954BC9F22C85112D00FFCFA6 /* SearchBar.swift in Sources */ = {isa = PBXBuildFile; fileRef = 954BC9F12C85112D00FFCFA6 /* SearchBar.swift */; };
		954BC9F42C8513A900FFCFA6 /* Testament.swift in Sources */ = {isa = PBXBuildFile; fileRef = 954BC9F32C8513A900FFCFA6 /* Testament.swift */; };
		955281412D1B5D8A00341577 /* apocrypha.json in Resources */ = {isa = PBXBuildFile; fileRef = 955281402D1B5D8A00341577 /* apocrypha.json */; };
		955798382F5CD269001625A7 /* PostHog in Frameworks */ = {isa = PBXBuildFile; productRef = 955798372F5CD269001625A7 /* PostHog */; };
		956026C62DA85464006A9CFC /* MarkdownParser.swift in Sources */ = {isa = PBXBuildFile; fileRef = 956026C52DA85464006A9CFC /* MarkdownParser.swift */; };
		956026C92DA85508006A9CFC /* Ink in Frameworks */ = {isa = PBXBuildFile; productRef = 956026C82DA85508006A9CFC /* Ink */; };
		9571A6442E78588F0092C7E2 /* MJRefresh in Frameworks */ = {isa = PBXBuildFile; productRef = 9571A6432E78588F0092C7E2 /* MJRefresh */; };
		95978F1A2CA888E600C520EF /* Tab.swift in Sources */ = {isa = PBXBuildFile; fileRef = 95978F192CA888E600C520EF /* Tab.swift */; };
		95978F1D2CA88B7F00C520EF /* SearchDetailView.swift in Sources */ = {isa = PBXBuildFile; fileRef = 95978F1C2CA88B7F00C520EF /* SearchDetailView.swift */; };
		959BA4E92E751E0900B7C7AB /* enoch.json in Resources */ = {isa = PBXBuildFile; fileRef = 959BA4E82E751E0900B7C7AB /* enoch.json */; };
		95A7019D2E785EE10095EDDB /* RefreshableScrollView.swift in Sources */ = {isa = PBXBuildFile; fileRef = 95A7019C2E785EE10095EDDB /* RefreshableScrollView.swift */; };
		95CC651E2E830DA70065E7AD /* DonationPromptView.swift in Sources */ = {isa = PBXBuildFile; fileRef = 95CC651D2E830DA70065E7AD /* DonationPromptView.swift */; };
		95CC65202E830DD70065E7AD /* DonationPreferences.swift in Sources */ = {isa = PBXBuildFile; fileRef = 95CC651F2E830DD70065E7AD /* DonationPreferences.swift */; };
		95CC66062E899D460065E7AD /* SceneDelegate.swift in Sources */ = {isa = PBXBuildFile; fileRef = 95CC66052E899D460065E7AD /* SceneDelegate.swift */; };
		95CC66082E899D560065E7AD /* URLHandler.swift in Sources */ = {isa = PBXBuildFile; fileRef = 95CC66072E899D560065E7AD /* URLHandler.swift */; };
		95CC660C2E89A0A20065E7AD /* AppDelegate.swift in Sources */ = {isa = PBXBuildFile; fileRef = 95CC660B2E89A0A20065E7AD /* AppDelegate.swift */; };
		95CC66152E89C6AA0065E7AD /* DonationHistoryView.swift in Sources */ = {isa = PBXBuildFile; fileRef = 95CC66142E89C6AA0065E7AD /* DonationHistoryView.swift */; };
		95CC66312E89AD780065E7AD /* ConfettiSwiftUI in Frameworks */ = {isa = PBXBuildFile; productRef = 95CC66302E89AD780065E7AD /* ConfettiSwiftUI */; };
		95CC666F2E89B79B0065E7AD /* SafariViews.swift in Sources */ = {isa = PBXBuildFile; fileRef = 95CC666E2E89B79B0065E7AD /* SafariViews.swift */; };
		95CC66722E89B8BE0065E7AD /* DonationCelebrationView.swift in Sources */ = {isa = PBXBuildFile; fileRef = 95CC66712E89B8BE0065E7AD /* DonationCelebrationView.swift */; };
		95D6F64E2E808D1200042F87 /* AppleFoundationModelService.swift in Sources */ = {isa = PBXBuildFile; fileRef = 95D6F64D2E808D1200042F87 /* AppleFoundationModelService.swift */; };
		95D6F6502E808D8300042F87 /* VerseExplanationSheet.swift in Sources */ = {isa = PBXBuildFile; fileRef = 95D6F64F2E808D8300042F87 /* VerseExplanationSheet.swift */; };
		95D6F6522E808D9E00042F87 /* VerseExplanationRequest.swift in Sources */ = {isa = PBXBuildFile; fileRef = 95D6F6512E808D9E00042F87 /* VerseExplanationRequest.swift */; };
		95F3A0022F032003000A1B2C /* asv.json in Resources */ = {isa = PBXBuildFile; fileRef = 95F3A0012F032003000A1B2C /* asv.json */; };
		95F3A0042F032004000A1B2C /* web.json in Resources */ = {isa = PBXBuildFile; fileRef = 95F3A0032F032004000A1B2C /* web.json */; };
		95F3A0062F040001000A1B2C /* TranslationInfoView.swift in Sources */ = {isa = PBXBuildFile; fileRef = 95F3A0052F040001000A1B2C /* TranslationInfoView.swift */; };
		95F5D8A22E92D10000A1B2C3 /* DonationService.swift in Sources */ = {isa = PBXBuildFile; fileRef = 95F5D8A12E92D10000A1B2C3 /* DonationService.swift */; };
		95F7B1342EA1B6F700A47D84 /* Components/AIGeneratedBadge.swift in Sources */ = {isa = PBXBuildFile; fileRef = 95F7B1332EA1B6F700A47D84 /* Components/AIGeneratedBadge.swift */; };
		95F8A0022F1A2B3400ABCDEF /* SavedDevotional.swift in Sources */ = {isa = PBXBuildFile; fileRef = 95F8A0012F1A2B3400ABCDEF /* SavedDevotional.swift */; };
		95F8A0042F1A2B3400ABCDEF /* SavedDevotionalsListView.swift in Sources */ = {isa = PBXBuildFile; fileRef = 95F8A0032F1A2B3400ABCDEF /* SavedDevotionalsListView.swift */; };
		97B103699321A6A2D9DFFA8D /* ReadingStatsService.swift in Sources */ = {isa = PBXBuildFile; fileRef = 571690361A4254AFFF8A758B /* ReadingStatsService.swift */; };
		9C07E36A91DA85834225D6F3 /* ReadingSession.swift in Sources */ = {isa = PBXBuildFile; fileRef = D1436A3087B4D420B1C9E6BE /* ReadingSession.swift */; };
		9D42E2B7562582FC0FB94851 /* DonationPromptReciprocityView.swift in Sources */ = {isa = PBXBuildFile; fileRef = EDF1104E4373CE709AC642F4 /* DonationPromptReciprocityView.swift */; };
		AA0000012D89000000000001 /* KeychainService.swift in Sources */ = {isa = PBXBuildFile; fileRef = AA0000012D89000000000002 /* KeychainService.swift */; };
		AA0000012F130001000SPLASH /* SplashView.swift in Sources */ = {isa = PBXBuildFile; fileRef = AA0000062F130001000SPLASH /* SplashView.swift */; };
		AA0000022F130001000SPLASH /* BookOpeningSplashView.swift in Sources */ = {isa = PBXBuildFile; fileRef = AA0000072F130001000SPLASH /* BookOpeningSplashView.swift */; };
		AA0000032F130001000SPLASH /* GlowScaleSplashView.swift in Sources */ = {isa = PBXBuildFile; fileRef = AA0000082F130001000SPLASH /* GlowScaleSplashView.swift */; };
		AA0000042F130001000SPLASH /* GradientShimmerSplashView.swift in Sources */ = {isa = PBXBuildFile; fileRef = AA0000092F130001000SPLASH /* GradientShimmerSplashView.swift */; };
		AA0000052F130001000SPLASH /* ParticleCrossSplashView.swift in Sources */ = {isa = PBXBuildFile; fileRef = AA00000A2F130001000SPLASH /* ParticleCrossSplashView.swift */; };
		AA0000062F140001000ANALYT /* AnalyticsService.swift in Sources */ = {isa = PBXBuildFile; fileRef = AA0000072F140001000ANALYT /* AnalyticsService.swift */; };
		AA00000F2F130001000LNCHSB /* LaunchScreen.storyboard in Resources */ = {isa = PBXBuildFile; fileRef = AA00000E2F130001000LNCHSB /* LaunchScreen.storyboard */; };
		ACF0FA995E1B31913CE9B775 /* ReadingStatsView.swift in Sources */ = {isa = PBXBuildFile; fileRef = C9D2814EC3F3451C2EB42D8E /* ReadingStatsView.swift */; };
		BB0000012F4D0001000TXTPK /* jubilees.json in Resources */ = {isa = PBXBuildFile; fileRef = BB0000072F4D0001000TXTPK /* jubilees.json */; };
		BB0000022F4D0001000TXTPK /* testaments12.json in Resources */ = {isa = PBXBuildFile; fileRef = BB0000082F4D0001000TXTPK /* testaments12.json */; };
		BB0000032F4D0001000TXTPK /* 2enoch.json in Resources */ = {isa = PBXBuildFile; fileRef = BB0000092F4D0001000TXTPK /* 2enoch.json */; };
		BB0000042F4D0001000TXTPK /* didache.json in Resources */ = {isa = PBXBuildFile; fileRef = BB00000A2F4D0001000TXTPK /* didache.json */; };
		BB0000052F4D0001000TXTPK /* 1clement.json in Resources */ = {isa = PBXBuildFile; fileRef = BB00000B2F4D0001000TXTPK /* 1clement.json */; };
		BB0000062F4D0001000TXTPK /* TextSourcesView.swift in Sources */ = {isa = PBXBuildFile; fileRef = BB00000C2F4D0001000TXTPK /* TextSourcesView.swift */; };
		CC0000012F5D0001000ORGTX /* hebrew.json in Resources */ = {isa = PBXBuildFile; fileRef = CC0000032F5D0001000ORGTX /* hebrew.json */; };
		CC0000012F640001000NOTIF /* NotificationService.swift in Sources */ = {isa = PBXBuildFile; fileRef = CC0000022F640001000NOTIF /* NotificationService.swift */; };
		CC0000022F5D0001000ORGTX /* greek.json in Resources */ = {isa = PBXBuildFile; fileRef = CC0000042F5D0001000ORGTX /* greek.json */; };
		CC0000032F640001000NOTIF /* NotificationSettingsView.swift in Sources */ = {isa = PBXBuildFile; fileRef = CC0000042F640001000NOTIF /* NotificationSettingsView.swift */; };
		E383E9966C655D2C252F97C3 /* AppIconPickerView.swift in Sources */ = {isa = PBXBuildFile; fileRef = 9F2CE7334B0BFCB9BCC9CFD5 /* AppIconPickerView.swift */; };
		EE766E32F77570D9062D00CB /* AppIconOption.swift in Sources */ = {isa = PBXBuildFile; fileRef = 70803BE8C452F513C60AFF8C /* AppIconOption.swift */; };
		F4EC694D6427EB2F5F6A6AE5 /* DailyDevotional.swift in Sources */ = {isa = PBXBuildFile; fileRef = 9A8BDE39A9EDC261732D39C9 /* DailyDevotional.swift */; };
		F922B9355548B1ECA572B372 /* DonationPromptLossView.swift in Sources */ = {isa = PBXBuildFile; fileRef = 8757B63A60AEEC9286D584DF /* DonationPromptLossView.swift */; };
/* End PBXBuildFile section */

/* Begin PBXContainerItemProxy section */
		95AB8B952CAB768000533AA5 /* PBXContainerItemProxy */ = {
			isa = PBXContainerItemProxy;
			containerPortal = 954BC9C82C84EDBE00FFCFA6 /* Project object */;
			proxyType = 1;
			remoteGlobalIDString = 954BC9CF2C84EDBE00FFCFA6;
			remoteInfo = swiftbible;
		};
/* End PBXContainerItemProxy section */

/* Begin PBXFileReference section */
		0DBAFC9D9F8443A5A401AC37 /* BookmarkPreferences.swift */ = {isa = PBXFileReference; lastKnownFileType = sourcecode.swift; path = BookmarkPreferences.swift; sourceTree = "<group>"; };
		0DD056121DE08359D63F5F37 /* Config.swift */ = {isa = PBXFileReference; includeInIndex = 1; lastKnownFileType = sourcecode.swift; path = Config.swift; sourceTree = "<group>"; };
		15F3B1712A28409C5CA1370A /* CacheService.swift */ = {isa = PBXFileReference; includeInIndex = 1; lastKnownFileType = sourcecode.swift; path = CacheService.swift; sourceTree = "<group>"; };
		3A1D76DD1ECC49199554D9DB /* LocalDonationRecord.swift */ = {isa = PBXFileReference; lastKnownFileType = sourcecode.swift; path = LocalDonationRecord.swift; sourceTree = "<group>"; };
		571690361A4254AFFF8A758B /* ReadingStatsService.swift */ = {isa = PBXFileReference; includeInIndex = 1; lastKnownFileType = sourcecode.swift; path = ReadingStatsService.swift; sourceTree = "<group>"; };
		6E32BA4D90BC477D50C842DE /* DonationPromptAnchoringView.swift */ = {isa = PBXFileReference; includeInIndex = 1; lastKnownFileType = sourcecode.swift; path = DonationPromptAnchoringView.swift; sourceTree = "<group>"; };
		70803BE8C452F513C60AFF8C /* AppIconOption.swift */ = {isa = PBXFileReference; includeInIndex = 1; lastKnownFileType = sourcecode.swift; path = AppIconOption.swift; sourceTree = "<group>"; };
		792DE080532D4DFE742D3C32 /* DonationPromptSocialView.swift */ = {isa = PBXFileReference; includeInIndex = 1; lastKnownFileType = sourcecode.swift; path = DonationPromptSocialView.swift; sourceTree = "<group>"; };
		7F5E225BC324A9C07359BDF2 /* DonationPromptVariant.swift */ = {isa = PBXFileReference; includeInIndex = 1; lastKnownFileType = sourcecode.swift; path = DonationPromptVariant.swift; sourceTree = "<group>"; };
		8757B63A60AEEC9286D584DF /* DonationPromptLossView.swift */ = {isa = PBXFileReference; includeInIndex = 1; lastKnownFileType = sourcecode.swift; path = DonationPromptLossView.swift; sourceTree = "<group>"; };
		9510097B2C92766A0040B21A /* String.swift */ = {isa = PBXFileReference; lastKnownFileType = sourcecode.swift; path = String.swift; sourceTree = "<group>"; };
		9510097D2C92815B0040B21A /* SeeSavedNotesView.swift */ = {isa = PBXFileReference; lastKnownFileType = sourcecode.swift; path = SeeSavedNotesView.swift; sourceTree = "<group>"; };
		9510097F2C92824A0040B21A /* SeeHighlightsView.swift */ = {isa = PBXFileReference; lastKnownFileType = sourcecode.swift; path = SeeHighlightsView.swift; sourceTree = "<group>"; };
		951009812C9289630040B21A /* AppViewModel.swift */ = {isa = PBXFileReference; lastKnownFileType = sourcecode.swift; path = AppViewModel.swift; sourceTree = "<group>"; };
		951009852C9520600040B21A /* UINavigationController.swift */ = {isa = PBXFileReference; lastKnownFileType = sourcecode.swift; path = UINavigationController.swift; sourceTree = "<group>"; };
		951009872C9525250040B21A /* summaries.swift */ = {isa = PBXFileReference; lastKnownFileType = sourcecode.swift; path = summaries.swift; sourceTree = "<group>"; };
		951009892C95364C0040B21A /* ChapterSummaries.swift */ = {isa = PBXFileReference; lastKnownFileType = sourcecode.swift; path = ChapterSummaries.swift; sourceTree = "<group>"; };
		9510098B2C9537350040B21A /* NavigationTitle.swift */ = {isa = PBXFileReference; lastKnownFileType = sourcecode.swift; path = NavigationTitle.swift; sourceTree = "<group>"; };
		95186D0F2C893E7500C0949D /* SettingsView.swift */ = {isa = PBXFileReference; lastKnownFileType = sourcecode.swift; path = SettingsView.swift; sourceTree = "<group>"; };
		952F39CC2C8B58A0009A412D /* ParagraphView.swift */ = {isa = PBXFileReference; lastKnownFileType = sourcecode.swift; path = ParagraphView.swift; sourceTree = "<group>"; };
		952F39CE2C8BA7F3009A412D /* ContentView.swift */ = {isa = PBXFileReference; lastKnownFileType = sourcecode.swift; path = ContentView.swift; sourceTree = "<group>"; };
		952F39D62C8BAD75009A412D /* DailyDevotionalView.swift */ = {isa = PBXFileReference; lastKnownFileType = sourcecode.swift; path = DailyDevotionalView.swift; sourceTree = "<group>"; };
		952F39DC2C8E36A7009A412D /* AuthenticateView.swift */ = {isa = PBXFileReference; lastKnownFileType = sourcecode.swift; path = AuthenticateView.swift; sourceTree = "<group>"; };
		952F39DE2C8E36E5009A412D /* FontOptionsView.swift */ = {isa = PBXFileReference; lastKnownFileType = sourcecode.swift; path = FontOptionsView.swift; sourceTree = "<group>"; };
		952F39E22C8F4874009A412D /* ParagraphParser.swift */ = {isa = PBXFileReference; lastKnownFileType = sourcecode.swift; path = ParagraphParser.swift; sourceTree = "<group>"; };
		952F39E42C8F48B8009A412D /* Collection.swift */ = {isa = PBXFileReference; lastKnownFileType = sourcecode.swift; path = Collection.swift; sourceTree = "<group>"; };
		952F39E62C8F61E0009A412D /* Verse.swift */ = {isa = PBXFileReference; lastKnownFileType = sourcecode.swift; path = Verse.swift; sourceTree = "<group>"; };
		952F39EA2C90710B009A412D /* Paragraph.swift */ = {isa = PBXFileReference; lastKnownFileType = sourcecode.swift; path = Paragraph.swift; sourceTree = "<group>"; };
		952F39EE2C907159009A412D /* Chapter.swift */ = {isa = PBXFileReference; lastKnownFileType = sourcecode.swift; path = Chapter.swift; sourceTree = "<group>"; };
		952F39F22C9114A4009A412D /* ColorOptionsView.swift */ = {isa = PBXFileReference; lastKnownFileType = sourcecode.swift; path = ColorOptionsView.swift; sourceTree = "<group>"; };
		952F39F42C9115F8009A412D /* Color.swift */ = {isa = PBXFileReference; lastKnownFileType = sourcecode.swift; path = Color.swift; sourceTree = "<group>"; };
		952F39F62C920666009A412D /* Note.swift */ = {isa = PBXFileReference; lastKnownFileType = sourcecode.swift; path = Note.swift; sourceTree = "<group>"; };
		952F39F82C920778009A412D /* Version.swift */ = {isa = PBXFileReference; lastKnownFileType = sourcecode.swift; path = Version.swift; sourceTree = "<group>"; };
		952F39FA2C9209FF009A412D /* NoteModalView.swift */ = {isa = PBXFileReference; lastKnownFileType = sourcecode.swift; path = NoteModalView.swift; sourceTree = "<group>"; };
		9537E25F2C89405C00FD56B9 /* SupabaseClient.swift */ = {isa = PBXFileReference; lastKnownFileType = sourcecode.swift; path = SupabaseClient.swift; sourceTree = "<group>"; };
		9537E2632C89502400FD56B9 /* VerificationView.swift */ = {isa = PBXFileReference; lastKnownFileType = sourcecode.swift; path = VerificationView.swift; sourceTree = "<group>"; };
		9537E2662C8A9E1E00FD56B9 /* UserViewModel.swift */ = {isa = PBXFileReference; lastKnownFileType = sourcecode.swift; path = UserViewModel.swift; sourceTree = "<group>"; };
		954BC9D02C84EDBE00FFCFA6 /* swiftbible.app */ = {isa = PBXFileReference; explicitFileType = wrapper.application; includeInIndex = 0; path = swiftbible.app; sourceTree = BUILT_PRODUCTS_DIR; };
		954BC9D32C84EDBE00FFCFA6 /* swiftbibleApp.swift */ = {isa = PBXFileReference; lastKnownFileType = sourcecode.swift; path = swiftbibleApp.swift; sourceTree = "<group>"; };
		954BC9D52C84EDBE00FFCFA6 /* BibleView.swift */ = {isa = PBXFileReference; lastKnownFileType = sourcecode.swift; path = BibleView.swift; sourceTree = "<group>"; };
		954BC9D72C84EDBF00FFCFA6 /* Assets.xcassets */ = {isa = PBXFileReference; lastKnownFileType = folder.assetcatalog; name = Assets.xcassets; path = swiftbible/Assets.xcassets; sourceTree = SOURCE_ROOT; };
		954BC9D92C84EDBF00FFCFA6 /* swiftbible.entitlements */ = {isa = PBXFileReference; lastKnownFileType = text.plist.entitlements; path = swiftbible.entitlements; sourceTree = "<group>"; };
		954BC9DB2C84EDBF00FFCFA6 /* Preview Assets.xcassets */ = {isa = PBXFileReference; lastKnownFileType = folder.assetcatalog; path = "Preview Assets.xcassets"; sourceTree = "<group>"; };
		954BC9E32C85005900FFCFA6 /* bible.json */ = {isa = PBXFileReference; lastKnownFileType = text.json; path = bible.json; sourceTree = "<group>"; };
		954BC9E62C8500D800FFCFA6 /* Book.swift */ = {isa = PBXFileReference; lastKnownFileType = sourcecode.swift; path = Book.swift; sourceTree = "<group>"; };
		954BC9E92C8500F900FFCFA6 /* BibleService.swift */ = {isa = PBXFileReference; lastKnownFileType = sourcecode.swift; path = BibleService.swift; sourceTree = "<group>"; };
		954BC9EC2C85012200FFCFA6 /* BookDetailView.swift */ = {isa = PBXFileReference; lastKnownFileType = sourcecode.swift; path = BookDetailView.swift; sourceTree = "<group>"; };
		954BC9EF2C8501C900FFCFA6 /* ChapterDetailView.swift */ = {isa = PBXFileReference; lastKnownFileType = sourcecode.swift; path = ChapterDetailView.swift; sourceTree = "<group>"; };
		954BC9F12C85112D00FFCFA6 /* SearchBar.swift */ = {isa = PBXFileReference; lastKnownFileType = sourcecode.swift; path = SearchBar.swift; sourceTree = "<group>"; };
		954BC9F32C8513A900FFCFA6 /* Testament.swift */ = {isa = PBXFileReference; lastKnownFileType = sourcecode.swift; path = Testament.swift; sourceTree = "<group>"; };
		954BC9F52C85456400FFCFA6 /* Info.plist */ = {isa = PBXFileReference; lastKnownFileType = text.plist; path = Info.plist; sourceTree = "<group>"; };
		955281402D1B5D8A00341577 /* apocrypha.json */ = {isa = PBXFileReference; lastKnownFileType = text.json; path = apocrypha.json; sourceTree = "<group>"; };
		956026C52DA85464006A9CFC /* MarkdownParser.swift */ = {isa = PBXFileReference; lastKnownFileType = sourcecode.swift; path = MarkdownParser.swift; sourceTree = "<group>"; };
		95978F192CA888E600C520EF /* Tab.swift */ = {isa = PBXFileReference; lastKnownFileType = sourcecode.swift; path = Tab.swift; sourceTree = "<group>"; };
		95978F1C2CA88B7F00C520EF /* SearchDetailView.swift */ = {isa = PBXFileReference; lastKnownFileType = sourcecode.swift; path = SearchDetailView.swift; sourceTree = "<group>"; };
		959BA4E82E751E0900B7C7AB /* enoch.json */ = {isa = PBXFileReference; lastKnownFileType = text.json; path = enoch.json; sourceTree = "<group>"; };
		95A7019C2E785EE10095EDDB /* RefreshableScrollView.swift */ = {isa = PBXFileReference; lastKnownFileType = sourcecode.swift; path = RefreshableScrollView.swift; sourceTree = "<group>"; };
		95AB8B8F2CAB768000533AA5 /* swiftbibleUITests.xctest */ = {isa = PBXFileReference; explicitFileType = wrapper.cfbundle; includeInIndex = 0; path = swiftbibleUITests.xctest; sourceTree = BUILT_PRODUCTS_DIR; };
		95CC651D2E830DA70065E7AD /* DonationPromptView.swift */ = {isa = PBXFileReference; lastKnownFileType = sourcecode.swift; path = DonationPromptView.swift; sourceTree = "<group>"; };
		95CC651F2E830DD70065E7AD /* DonationPreferences.swift */ = {isa = PBXFileReference; lastKnownFileType = sourcecode.swift; path = DonationPreferences.swift; sourceTree = "<group>"; };
		95CC66052E899D460065E7AD /* SceneDelegate.swift */ = {isa = PBXFileReference; lastKnownFileType = sourcecode.swift; path = SceneDelegate.swift; sourceTree = "<group>"; };
		95CC66072E899D560065E7AD /* URLHandler.swift */ = {isa = PBXFileReference; lastKnownFileType = sourcecode.swift; path = URLHandler.swift; sourceTree = "<group>"; };
		95CC660B2E89A0A20065E7AD /* AppDelegate.swift */ = {isa = PBXFileReference; lastKnownFileType = sourcecode.swift; path = AppDelegate.swift; sourceTree = "<group>"; };
		95CC66142E89C6AA0065E7AD /* DonationHistoryView.swift */ = {isa = PBXFileReference; lastKnownFileType = sourcecode.swift; path = DonationHistoryView.swift; sourceTree = "<group>"; };
		95CC666E2E89B79B0065E7AD /* SafariViews.swift */ = {isa = PBXFileReference; lastKnownFileType = sourcecode.swift; path = SafariViews.swift; sourceTree = "<group>"; };
		95CC66712E89B8BE0065E7AD /* DonationCelebrationView.swift */ = {isa = PBXFileReference; lastKnownFileType = sourcecode.swift; path = DonationCelebrationView.swift; sourceTree = "<group>"; };
		95D6F64D2E808D1200042F87 /* AppleFoundationModelService.swift */ = {isa = PBXFileReference; lastKnownFileType = sourcecode.swift; path = AppleFoundationModelService.swift; sourceTree = "<group>"; };
		95D6F64F2E808D8300042F87 /* VerseExplanationSheet.swift */ = {isa = PBXFileReference; lastKnownFileType = sourcecode.swift; path = VerseExplanationSheet.swift; sourceTree = "<group>"; };
		95D6F6512E808D9E00042F87 /* VerseExplanationRequest.swift */ = {isa = PBXFileReference; lastKnownFileType = sourcecode.swift; path = VerseExplanationRequest.swift; sourceTree = "<group>"; };
		95F3A0012F032003000A1B2C /* asv.json */ = {isa = PBXFileReference; lastKnownFileType = text.json; path = asv.json; sourceTree = "<group>"; };
		95F3A0032F032004000A1B2C /* web.json */ = {isa = PBXFileReference; lastKnownFileType = text.json; path = web.json; sourceTree = "<group>"; };
		95F3A0052F040001000A1B2C /* TranslationInfoView.swift */ = {isa = PBXFileReference; lastKnownFileType = sourcecode.swift; path = TranslationInfoView.swift; sourceTree = "<group>"; };
		95F5D8A12E92D10000A1B2C3 /* DonationService.swift */ = {isa = PBXFileReference; lastKnownFileType = sourcecode.swift; path = DonationService.swift; sourceTree = "<group>"; };
		95F7B1332EA1B6F700A47D84 /* Components/AIGeneratedBadge.swift */ = {isa = PBXFileReference; lastKnownFileType = sourcecode.swift; path = Components/AIGeneratedBadge.swift; sourceTree = "<group>"; };
		95F8A0012F1A2B3400ABCDEF /* SavedDevotional.swift */ = {isa = PBXFileReference; lastKnownFileType = sourcecode.swift; path = SavedDevotional.swift; sourceTree = "<group>"; };
		95F8A0032F1A2B3400ABCDEF /* SavedDevotionalsListView.swift */ = {isa = PBXFileReference; lastKnownFileType = sourcecode.swift; path = SavedDevotionalsListView.swift; sourceTree = "<group>"; };
		9A8BDE39A9EDC261732D39C9 /* DailyDevotional.swift */ = {isa = PBXFileReference; includeInIndex = 1; lastKnownFileType = sourcecode.swift; path = DailyDevotional.swift; sourceTree = "<group>"; };
		9F2CE7334B0BFCB9BCC9CFD5 /* AppIconPickerView.swift */ = {isa = PBXFileReference; includeInIndex = 1; lastKnownFileType = sourcecode.swift; path = AppIconPickerView.swift; sourceTree = "<group>"; };
		AA0000012D89000000000002 /* KeychainService.swift */ = {isa = PBXFileReference; lastKnownFileType = sourcecode.swift; path = KeychainService.swift; sourceTree = "<group>"; };
		AA0000062F130001000SPLASH /* SplashView.swift */ = {isa = PBXFileReference; lastKnownFileType = sourcecode.swift; path = SplashView.swift; sourceTree = "<group>"; };
		AA0000072F130001000SPLASH /* BookOpeningSplashView.swift */ = {isa = PBXFileReference; lastKnownFileType = sourcecode.swift; path = BookOpeningSplashView.swift; sourceTree = "<group>"; };
		AA0000072F140001000ANALYT /* AnalyticsService.swift */ = {isa = PBXFileReference; lastKnownFileType = sourcecode.swift; path = AnalyticsService.swift; sourceTree = "<group>"; };
		AA0000082F130001000SPLASH /* GlowScaleSplashView.swift */ = {isa = PBXFileReference; lastKnownFileType = sourcecode.swift; path = GlowScaleSplashView.swift; sourceTree = "<group>"; };
		AA0000092F130001000SPLASH /* GradientShimmerSplashView.swift */ = {isa = PBXFileReference; lastKnownFileType = sourcecode.swift; path = GradientShimmerSplashView.swift; sourceTree = "<group>"; };
		AA00000A2F130001000SPLASH /* ParticleCrossSplashView.swift */ = {isa = PBXFileReference; lastKnownFileType = sourcecode.swift; path = ParticleCrossSplashView.swift; sourceTree = "<group>"; };
		AA00000E2F130001000LNCHSB /* LaunchScreen.storyboard */ = {isa = PBXFileReference; lastKnownFileType = file.storyboard; path = LaunchScreen.storyboard; sourceTree = "<group>"; };
		B2B23373D685438F8E699542 /* StoreKitDonationService.swift */ = {isa = PBXFileReference; lastKnownFileType = sourcecode.swift; path = StoreKitDonationService.swift; sourceTree = "<group>"; };
		BB0000072F4D0001000TXTPK /* jubilees.json */ = {isa = PBXFileReference; lastKnownFileType = text.json; path = jubilees.json; sourceTree = "<group>"; };
		BB0000082F4D0001000TXTPK /* testaments12.json */ = {isa = PBXFileReference; lastKnownFileType = text.json; path = testaments12.json; sourceTree = "<group>"; };
		BB0000092F4D0001000TXTPK /* 2enoch.json */ = {isa = PBXFileReference; lastKnownFileType = text.json; path = 2enoch.json; sourceTree = "<group>"; };
		BB00000A2F4D0001000TXTPK /* didache.json */ = {isa = PBXFileReference; lastKnownFileType = text.json; path = didache.json; sourceTree = "<group>"; };
		BB00000B2F4D0001000TXTPK /* 1clement.json */ = {isa = PBXFileReference; lastKnownFileType = text.json; path = 1clement.json; sourceTree = "<group>"; };
		BB00000C2F4D0001000TXTPK /* TextSourcesView.swift */ = {isa = PBXFileReference; lastKnownFileType = sourcecode.swift; path = TextSourcesView.swift; sourceTree = "<group>"; };
		C9D2814EC3F3451C2EB42D8E /* ReadingStatsView.swift */ = {isa = PBXFileReference; includeInIndex = 1; lastKnownFileType = sourcecode.swift; path = ReadingStatsView.swift; sourceTree = "<group>"; };
		CC0000022F640001000NOTIF /* NotificationService.swift */ = {isa = PBXFileReference; lastKnownFileType = sourcecode.swift; path = NotificationService.swift; sourceTree = "<group>"; };
		CC0000032F5D0001000ORGTX /* hebrew.json */ = {isa = PBXFileReference; lastKnownFileType = text.json; path = hebrew.json; sourceTree = "<group>"; };
		CC0000042F5D0001000ORGTX /* greek.json */ = {isa = PBXFileReference; lastKnownFileType = text.json; path = greek.json; sourceTree = "<group>"; };
		CC0000042F640001000NOTIF /* NotificationSettingsView.swift */ = {isa = PBXFileReference; lastKnownFileType = sourcecode.swift; path = NotificationSettingsView.swift; sourceTree = "<group>"; };
		D1436A3087B4D420B1C9E6BE /* ReadingSession.swift */ = {isa = PBXFileReference; includeInIndex = 1; lastKnownFileType = sourcecode.swift; path = ReadingSession.swift; sourceTree = "<group>"; };
		E03C9505B4D5E972B90582E3 /* ReadingTheme.swift */ = {isa = PBXFileReference; includeInIndex = 1; lastKnownFileType = sourcecode.swift; path = ReadingTheme.swift; sourceTree = "<group>"; };
		EC3E4DFF77174F609B079B15 /* DonorPerksView.swift */ = {isa = PBXFileReference; lastKnownFileType = sourcecode.swift; path = DonorPerksView.swift; sourceTree = "<group>"; };
		EDF1104E4373CE709AC642F4 /* DonationPromptReciprocityView.swift */ = {isa = PBXFileReference; includeInIndex = 1; lastKnownFileType = sourcecode.swift; path = DonationPromptReciprocityView.swift; sourceTree = "<group>"; };
/* End PBXFileReference section */

/* Begin PBXFileSystemSynchronizedRootGroup section */
		95AB8B902CAB768000533AA5 /* swiftbibleUITests */ = {isa = PBXFileSystemSynchronizedRootGroup; explicitFileTypes = {}; explicitFolders = (); path = swiftbibleUITests; sourceTree = "<group>"; };
/* End PBXFileSystemSynchronizedRootGroup section */

/* Begin PBXFrameworksBuildPhase section */
		954BC9CD2C84EDBE00FFCFA6 /* Frameworks */ = {
			isa = PBXFrameworksBuildPhase;
			buildActionMask = 2147483647;
			files = (
				95CC66312E89AD780065E7AD /* ConfettiSwiftUI in Frameworks */,
				95186D092C893C8100C0949D /* PostgREST in Frameworks */,
				952F39DA2C8BBD3C009A412D /* MarkdownUI in Frameworks */,
				95186D072C893C8100C0949D /* Functions in Frameworks */,
				9537E25E2C893FBD00FD56B9 /* Supabase in Frameworks */,
				955798382F5CD269001625A7 /* PostHog in Frameworks */,
				9571A6442E78588F0092C7E2 /* MJRefresh in Frameworks */,
				95186D052C893C8100C0949D /* Auth in Frameworks */,
				956026C92DA85508006A9CFC /* Ink in Frameworks */,
				95186D0D2C893C8100C0949D /* Storage in Frameworks */,
				95186D0B2C893C8100C0949D /* Realtime in Frameworks */,
			);
			runOnlyForDeploymentPostprocessing = 0;
		};
		95AB8B8C2CAB768000533AA5 /* Frameworks */ = {
			isa = PBXFrameworksBuildPhase;
			buildActionMask = 2147483647;
			files = (
			);
			runOnlyForDeploymentPostprocessing = 0;
		};
/* End PBXFrameworksBuildPhase section */

/* Begin PBXGroup section */
		952F39D02C8BAB64009A412D /* Extensions */ = {
			isa = PBXGroup;
			children = (
				952F39E42C8F48B8009A412D /* Collection.swift */,
				952F39F42C9115F8009A412D /* Color.swift */,
				9510097B2C92766A0040B21A /* String.swift */,
				951009852C9520600040B21A /* UINavigationController.swift */,
			);
			path = Extensions;
			sourceTree = "<group>";
		};
		952F39DB2C8E366A009A412D /* Settings */ = {
			isa = PBXGroup;
			children = (
				95186D0F2C893E7500C0949D /* SettingsView.swift */,
				9510097F2C92824A0040B21A /* SeeHighlightsView.swift */,
				9510097D2C92815B0040B21A /* SeeSavedNotesView.swift */,
				952F39DC2C8E36A7009A412D /* AuthenticateView.swift */,
				9537E2632C89502400FD56B9 /* VerificationView.swift */,
				952F39DE2C8E36E5009A412D /* FontOptionsView.swift */,
				952F39F22C9114A4009A412D /* ColorOptionsView.swift */,
				95CC66142E89C6AA0065E7AD /* DonationHistoryView.swift */,
				EC3E4DFF77174F609B079B15 /* DonorPerksView.swift */,
				95F3A0052F040001000A1B2C /* TranslationInfoView.swift */,
				BB00000C2F4D0001000TXTPK /* TextSourcesView.swift */,
				CC0000042F640001000NOTIF /* NotificationSettingsView.swift */,
				C9D2814EC3F3451C2EB42D8E /* ReadingStatsView.swift */,
				9F2CE7334B0BFCB9BCC9CFD5 /* AppIconPickerView.swift */,
			);
			path = Settings;
			sourceTree = "<group>";
		};
		952F39E02C8E383B009A412D /* Bible */ = {
			isa = PBXGroup;
			children = (
				95D6F64F2E808D8300042F87 /* VerseExplanationSheet.swift */,
				954BC9D52C84EDBE00FFCFA6 /* BibleView.swift */,
				954BC9EC2C85012200FFCFA6 /* BookDetailView.swift */,
				954BC9EF2C8501C900FFCFA6 /* ChapterDetailView.swift */,
				952F39CC2C8B58A0009A412D /* ParagraphView.swift */,
				954BC9F12C85112D00FFCFA6 /* SearchBar.swift */,
				952F39FA2C9209FF009A412D /* NoteModalView.swift */,
				9510098B2C9537350040B21A /* NavigationTitle.swift */,
			);
			path = Bible;
			sourceTree = "<group>";
		};
		952F39E12C8E3852009A412D /* Daily Devotional */ = {
			isa = PBXGroup;
			children = (
				952F39D62C8BAD75009A412D /* DailyDevotionalView.swift */,
				95F8A0032F1A2B3400ABCDEF /* SavedDevotionalsListView.swift */,
			);
			path = "Daily Devotional";
			sourceTree = "<group>";
		};
		9537E25C2C893FBD00FD56B9 /* Frameworks */ = {
			isa = PBXGroup;
			children = (
			);
			name = Frameworks;
			sourceTree = "<group>";
		};
		9537E2652C8A9E0800FD56B9 /* ViewModels */ = {
			isa = PBXGroup;
			children = (
				951009812C9289630040B21A /* AppViewModel.swift */,
				9537E2662C8A9E1E00FD56B9 /* UserViewModel.swift */,
			);
			path = ViewModels;
			sourceTree = "<group>";
		};
		954BC9C72C84EDBE00FFCFA6 = {
			isa = PBXGroup;
			children = (
				954BC9D22C84EDBE00FFCFA6 /* swiftbible */,
				95AB8B902CAB768000533AA5 /* swiftbibleUITests */,
				9537E25C2C893FBD00FD56B9 /* Frameworks */,
				954BC9D12C84EDBE00FFCFA6 /* Products */,
			);
			sourceTree = "<group>";
		};
		954BC9D12C84EDBE00FFCFA6 /* Products */ = {
			isa = PBXGroup;
			children = (
				954BC9D02C84EDBE00FFCFA6 /* swiftbible.app */,
				95AB8B8F2CAB768000533AA5 /* swiftbibleUITests.xctest */,
			);
			name = Products;
			sourceTree = "<group>";
		};
		954BC9D22C84EDBE00FFCFA6 /* swiftbible */ = {
			isa = PBXGroup;
			children = (
				95CC660B2E89A0A20065E7AD /* AppDelegate.swift */,
				954BC9EB2C85011800FFCFA6 /* Views */,
				9537E2652C8A9E0800FD56B9 /* ViewModels */,
				954BC9E52C8500C200FFCFA6 /* Models */,
				954BC9E82C8500EE00FFCFA6 /* Services */,
				952F39D02C8BAB64009A412D /* Extensions */,
				954BC9E22C85001900FFCFA6 /* Text */,
				954BC9D32C84EDBE00FFCFA6 /* swiftbibleApp.swift */,
				954BC9F52C85456400FFCFA6 /* Info.plist */,
				AA00000E2F130001000LNCHSB /* LaunchScreen.storyboard */,
				954BC9D72C84EDBF00FFCFA6 /* Assets.xcassets */,
				954BC9D92C84EDBF00FFCFA6 /* swiftbible.entitlements */,
				954BC9DA2C84EDBF00FFCFA6 /* Preview Content */,
				0DD056121DE08359D63F5F37 /* Config.swift */,
			);
			path = swiftbible;
			sourceTree = "<group>";
		};
		954BC9DA2C84EDBF00FFCFA6 /* Preview Content */ = {
			isa = PBXGroup;
			children = (
				954BC9DB2C84EDBF00FFCFA6 /* Preview Assets.xcassets */,
			);
			path = "Preview Content";
			sourceTree = "<group>";
		};
		954BC9E22C85001900FFCFA6 /* Text */ = {
			isa = PBXGroup;
			children = (
				95F3A0032F032004000A1B2C /* web.json */,
				95F3A0012F032003000A1B2C /* asv.json */,
				959BA4E82E751E0900B7C7AB /* enoch.json */,
				955281402D1B5D8A00341577 /* apocrypha.json */,
				BB0000072F4D0001000TXTPK /* jubilees.json */,
				BB0000082F4D0001000TXTPK /* testaments12.json */,
				BB0000092F4D0001000TXTPK /* 2enoch.json */,
				BB00000A2F4D0001000TXTPK /* didache.json */,
				BB00000B2F4D0001000TXTPK /* 1clement.json */,
				CC0000032F5D0001000ORGTX /* hebrew.json */,
				CC0000042F5D0001000ORGTX /* greek.json */,
				951009892C95364C0040B21A /* ChapterSummaries.swift */,
				954BC9E32C85005900FFCFA6 /* bible.json */,
				951009872C9525250040B21A /* summaries.swift */,
			);
			path = Text;
			sourceTree = "<group>";
		};
		954BC9E52C8500C200FFCFA6 /* Models */ = {
			isa = PBXGroup;
			children = (
				95CC651F2E830DD70065E7AD /* DonationPreferences.swift */,
				3A1D76DD1ECC49199554D9DB /* LocalDonationRecord.swift */,
				0DBAFC9D9F8443A5A401AC37 /* BookmarkPreferences.swift */,
				95D6F6512E808D9E00042F87 /* VerseExplanationRequest.swift */,
				95978F192CA888E600C520EF /* Tab.swift */,
				952F39EE2C907159009A412D /* Chapter.swift */,
				954BC9E62C8500D800FFCFA6 /* Book.swift */,
				954BC9F32C8513A900FFCFA6 /* Testament.swift */,
				952F39E62C8F61E0009A412D /* Verse.swift */,
				952F39EA2C90710B009A412D /* Paragraph.swift */,
				952F39F62C920666009A412D /* Note.swift */,
				952F39F82C920778009A412D /* Version.swift */,
				95F8A0012F1A2B3400ABCDEF /* SavedDevotional.swift */,
				9A8BDE39A9EDC261732D39C9 /* DailyDevotional.swift */,
				7F5E225BC324A9C07359BDF2 /* DonationPromptVariant.swift */,
				E03C9505B4D5E972B90582E3 /* ReadingTheme.swift */,
				70803BE8C452F513C60AFF8C /* AppIconOption.swift */,
				D1436A3087B4D420B1C9E6BE /* ReadingSession.swift */,
			);
			path = Models;
			sourceTree = "<group>";
		};
		954BC9E82C8500EE00FFCFA6 /* Services */ = {
			isa = PBXGroup;
			children = (
				95CC66072E899D560065E7AD /* URLHandler.swift */,
				95CC66052E899D460065E7AD /* SceneDelegate.swift */,
				95D6F64D2E808D1200042F87 /* AppleFoundationModelService.swift */,
				95F5D8A12E92D10000A1B2C3 /* DonationService.swift */,
				B2B23373D685438F8E699542 /* StoreKitDonationService.swift */,
				AA0000012D89000000000002 /* KeychainService.swift */,
				9537E25F2C89405C00FD56B9 /* SupabaseClient.swift */,
				954BC9E92C8500F900FFCFA6 /* BibleService.swift */,
				952F39E22C8F4874009A412D /* ParagraphParser.swift */,
				956026C52DA85464006A9CFC /* MarkdownParser.swift */,
				15F3B1712A28409C5CA1370A /* CacheService.swift */,
				AA0000072F140001000ANALYT /* AnalyticsService.swift */,
				CC0000022F640001000NOTIF /* NotificationService.swift */,
				571690361A4254AFFF8A758B /* ReadingStatsService.swift */,
			);
			path = Services;
			sourceTree = "<group>";
		};
		954BC9EB2C85011800FFCFA6 /* Views */ = {
			isa = PBXGroup;
			children = (
				95CC66702E89B89B0065E7AD /* Donations */,
				95CC666E2E89B79B0065E7AD /* SafariViews.swift */,
				95A7019C2E785EE10095EDDB /* RefreshableScrollView.swift */,
				95F7B1332EA1B6F700A47D84 /* Components/AIGeneratedBadge.swift */,
				952F39CE2C8BA7F3009A412D /* ContentView.swift */,
				952F39E02C8E383B009A412D /* Bible */,
				952F39E12C8E3852009A412D /* Daily Devotional */,
				95978F1B2CA88B7200C520EF /* Search */,
				952F39DB2C8E366A009A412D /* Settings */,
				AA00000B2F130001000SPLASH /* Splash */,
			);
			path = Views;
			sourceTree = "<group>";
		};
		95978F1B2CA88B7200C520EF /* Search */ = {
			isa = PBXGroup;
			children = (
				95978F1C2CA88B7F00C520EF /* SearchDetailView.swift */,
			);
			path = Search;
			sourceTree = "<group>";
		};
		95CC66702E89B89B0065E7AD /* Donations */ = {
			isa = PBXGroup;
			children = (
				95CC66712E89B8BE0065E7AD /* DonationCelebrationView.swift */,
				95CC651D2E830DA70065E7AD /* DonationPromptView.swift */,
				8757B63A60AEEC9286D584DF /* DonationPromptLossView.swift */,
				792DE080532D4DFE742D3C32 /* DonationPromptSocialView.swift */,
				EDF1104E4373CE709AC642F4 /* DonationPromptReciprocityView.swift */,
				6E32BA4D90BC477D50C842DE /* DonationPromptAnchoringView.swift */,
			);
			path = Donations;
			sourceTree = "<group>";
		};
		AA00000B2F130001000SPLASH /* Splash */ = {
			isa = PBXGroup;
			children = (
				AA0000062F130001000SPLASH /* SplashView.swift */,
				AA0000072F130001000SPLASH /* BookOpeningSplashView.swift */,
				AA0000082F130001000SPLASH /* GlowScaleSplashView.swift */,
				AA0000092F130001000SPLASH /* GradientShimmerSplashView.swift */,
				AA00000A2F130001000SPLASH /* ParticleCrossSplashView.swift */,
			);
			path = Splash;
			sourceTree = "<group>";
		};
/* End PBXGroup section */

/* Begin PBXNativeTarget section */
		954BC9CF2C84EDBE00FFCFA6 /* swiftbible */ = {
			isa = PBXNativeTarget;
			buildConfigurationList = 954BC9DF2C84EDBF00FFCFA6 /* Build configuration list for PBXNativeTarget "swiftbible" */;
			buildPhases = (
				954BC9CC2C84EDBE00FFCFA6 /* Sources */,
				954BC9CD2C84EDBE00FFCFA6 /* Frameworks */,
				954BC9CE2C84EDBE00FFCFA6 /* Resources */,
			);
			buildRules = (
			);
			dependencies = (
			);
			name = swiftbible;
			productName = swiftbible;
			productReference = 954BC9D02C84EDBE00FFCFA6 /* swiftbible.app */;
			productType = "com.apple.product-type.application";
		};
		95AB8B8E2CAB768000533AA5 /* swiftbibleUITests */ = {
			isa = PBXNativeTarget;
			buildConfigurationList = 95AB8B992CAB768000533AA5 /* Build configuration list for PBXNativeTarget "swiftbibleUITests" */;
			buildPhases = (
				95AB8B8B2CAB768000533AA5 /* Sources */,
				95AB8B8C2CAB768000533AA5 /* Frameworks */,
				95AB8B8D2CAB768000533AA5 /* Resources */,
			);
			buildRules = (
			);
			dependencies = (
				95AB8B962CAB768000533AA5 /* PBXTargetDependency */,
			);
			fileSystemSynchronizedGroups = (
				95AB8B902CAB768000533AA5 /* swiftbibleUITests */,
			);
			name = swiftbibleUITests;
			productName = swiftbibleUITests;
			productReference = 95AB8B8F2CAB768000533AA5 /* swiftbibleUITests.xctest */;
			productType = "com.apple.product-type.bundle.ui-testing";
		};
/* End PBXNativeTarget section */

/* Begin PBXProject section */
		954BC9C82C84EDBE00FFCFA6 /* Project object */ = {
			isa = PBXProject;
			attributes = {
				BuildIndependentTargetsInParallel = 1;
				LastSwiftUpdateCheck = 1610;
				LastUpgradeCheck = 2630;
				TargetAttributes = {
					954BC9CF2C84EDBE00FFCFA6 = {
						CreatedOnToolsVersion = 16.0;
					};
					95AB8B8E2CAB768000533AA5 = {
						CreatedOnToolsVersion = 16.1;
						TestTargetID = 954BC9CF2C84EDBE00FFCFA6;
					};
				};
			};
			buildConfigurationList = 954BC9CB2C84EDBE00FFCFA6 /* Build configuration list for PBXProject "swiftbible" */;
			compatibilityVersion = "Xcode 15.0";
			developmentRegion = en;
			hasScannedForEncodings = 0;
			knownRegions = (
				en,
				Base,
			);
			mainGroup = 954BC9C72C84EDBE00FFCFA6;
			packageReferences = (
				95186D112C893F2F00C0949D /* XCRemoteSwiftPackageReference "supabase-swift" */,
				952F39D82C8BBD3C009A412D /* XCRemoteSwiftPackageReference "swift-markdown-ui" */,
				956026C72DA85508006A9CFC /* XCRemoteSwiftPackageReference "Ink" */,
				9571A6422E78588F0092C7E2 /* XCRemoteSwiftPackageReference "MJRefresh" */,
				95CC662F2E89AD780065E7AD /* XCRemoteSwiftPackageReference "ConfettiSwiftUI" */,
				955798362F5CD269001625A7 /* XCRemoteSwiftPackageReference "posthog-ios" */,
			);
			productRefGroup = 954BC9D12C84EDBE00FFCFA6 /* Products */;
			projectDirPath = "";
			projectRoot = "";
			targets = (
				954BC9CF2C84EDBE00FFCFA6 /* swiftbible */,
				95AB8B8E2CAB768000533AA5 /* swiftbibleUITests */,
			);
		};
/* End PBXProject section */

/* Begin PBXResourcesBuildPhase section */
		954BC9CE2C84EDBE00FFCFA6 /* Resources */ = {
			isa = PBXResourcesBuildPhase;
			buildActionMask = 2147483647;
			files = (
				95F3A0042F032004000A1B2C /* web.json in Resources */,
				95F3A0022F032003000A1B2C /* asv.json in Resources */,
				959BA4E92E751E0900B7C7AB /* enoch.json in Resources */,
				954BC9DC2C84EDBF00FFCFA6 /* Preview Assets.xcassets in Resources */,
				955281412D1B5D8A00341577 /* apocrypha.json in Resources */,
				954BC9E42C85005900FFCFA6 /* bible.json in Resources */,
				BB0000012F4D0001000TXTPK /* jubilees.json in Resources */,
				BB0000022F4D0001000TXTPK /* testaments12.json in Resources */,
				BB0000032F4D0001000TXTPK /* 2enoch.json in Resources */,
				BB0000042F4D0001000TXTPK /* didache.json in Resources */,
				BB0000052F4D0001000TXTPK /* 1clement.json in Resources */,
				CC0000012F5D0001000ORGTX /* hebrew.json in Resources */,
				CC0000022F5D0001000ORGTX /* greek.json in Resources */,
				954BC9D82C84EDBF00FFCFA6 /* Assets.xcassets in Resources */,
				AA00000F2F130001000LNCHSB /* LaunchScreen.storyboard in Resources */,
				1F6206E8EBC33A91432104D0 /* Icon-Aurora1024x1024.png in Resources */,
				2DFDDD78FB5AC202176C2DE6 /* Icon-Blossom1024x1024.png in Resources */,
				032F320A6F6596FA78D268C0 /* Icon-Classic1024x1024.png in Resources */,
				8CBE5CBF071AC138CA8FD9D9 /* Icon-Copper1024x1024.png in Resources */,
				B1DFA768095DCF9C13A35A92 /* Icon-Ember1024x1024.png in Resources */,
				1D2E3A659577D45C6ED3C0D7 /* Icon-Frost1024x1024.png in Resources */,
				6EDBACB6DC79B06D6F93B0F0 /* Icon-Ivory1024x1024.png in Resources */,
				BE2130D79B6687FE63DEECA0 /* Icon-Lavender1024x1024.png in Resources */,
				6DFCD73CC9536A37DA7C977F /* Icon-Light-1024x1024.png in Resources */,
				DDC0951ED170B1C79C133ED6 /* Icon-Midnight1024x1024.png in Resources */,
				45F709D42F8E467BD7113E6E /* Icon-Neon1024x1024.png in Resources */,
				8AEA56ECA16E95ED23A0BF6E /* Icon-Ocean1024x1024.png in Resources */,
				14D4EE901AD012D0FCF292C1 /* Icon-Rose1024x1024.png in Resources */,
				37B38A9F69D82E848332527B /* Icon-Ruby1024x1024.png in Resources */,
				C01BEF7D5B103D047D75F60F /* Icon-Sage1024x1024.png in Resources */,
				0C00732BD0C3E6439922924F /* Icon-Storm1024x1024.png in Resources */,
				B5C11F4DD663301D4353CAE7 /* Icon-Sunset1024x1024.png in Resources */,
			);
			runOnlyForDeploymentPostprocessing = 0;
		};
		95AB8B8D2CAB768000533AA5 /* Resources */ = {
			isa = PBXResourcesBuildPhase;
			buildActionMask = 2147483647;
			files = (
			);
			runOnlyForDeploymentPostprocessing = 0;
		};
/* End PBXResourcesBuildPhase section */

/* Begin PBXSourcesBuildPhase section */
		954BC9CC2C84EDBE00FFCFA6 /* Sources */ = {
			isa = PBXSourcesBuildPhase;
			buildActionMask = 2147483647;
			files = (
				95CC66152E89C6AA0065E7AD /* DonationHistoryView.swift in Sources */,
				25C3CA0774A14A2D92771DD2 /* DonorPerksView.swift in Sources */,
				952F39FB2C9209FF009A412D /* NoteModalView.swift in Sources */,
				95978F1D2CA88B7F00C520EF /* SearchDetailView.swift in Sources */,
				95CC66722E89B8BE0065E7AD /* DonationCelebrationView.swift in Sources */,
				952F39EB2C90710B009A412D /* Paragraph.swift in Sources */,
				952F39F32C9114A4009A412D /* ColorOptionsView.swift in Sources */,
				9510097C2C92766A0040B21A /* String.swift in Sources */,
				95A7019D2E785EE10095EDDB /* RefreshableScrollView.swift in Sources */,
				954BC9F22C85112D00FFCFA6 /* SearchBar.swift in Sources */,
				9510097E2C92815B0040B21A /* SeeSavedNotesView.swift in Sources */,
				954BC9EA2C8500F900FFCFA6 /* BibleService.swift in Sources */,
				95D6F6502E808D8300042F87 /* VerseExplanationSheet.swift in Sources */,
				952F39CD2C8B58A0009A412D /* ParagraphView.swift in Sources */,
				954BC9F02C8501C900FFCFA6 /* ChapterDetailView.swift in Sources */,
				9537E2642C89502400FD56B9 /* VerificationView.swift in Sources */,
				954BC9D62C84EDBE00FFCFA6 /* BibleView.swift in Sources */,
				95D6F64E2E808D1200042F87 /* AppleFoundationModelService.swift in Sources */,
				95F7B1342EA1B6F700A47D84 /* Components/AIGeneratedBadge.swift in Sources */,
				954BC9D42C84EDBE00FFCFA6 /* swiftbibleApp.swift in Sources */,
				95CC660C2E89A0A20065E7AD /* AppDelegate.swift in Sources */,
				95186D102C893E7500C0949D /* SettingsView.swift in Sources */,
				952F39D72C8BAD75009A412D /* DailyDevotionalView.swift in Sources */,
				95F8A0042F1A2B3400ABCDEF /* SavedDevotionalsListView.swift in Sources */,
				952F39DF2C8E36E5009A412D /* FontOptionsView.swift in Sources */,
				95CC66082E899D560065E7AD /* URLHandler.swift in Sources */,
				95CC65202E830DD70065E7AD /* DonationPreferences.swift in Sources */,
				535C8482C0384BF3829FD497 /* BookmarkPreferences.swift in Sources */,
				954BC9E72C8500D800FFCFA6 /* Book.swift in Sources */,
				95CC66062E899D460065E7AD /* SceneDelegate.swift in Sources */,
				952F39E72C8F61E0009A412D /* Verse.swift in Sources */,
				9537E2602C89405C00FD56B9 /* SupabaseClient.swift in Sources */,
				AA0000012D89000000000001 /* KeychainService.swift in Sources */,
				95F5D8A22E92D10000A1B2C3 /* DonationService.swift in Sources */,
				2C31E1F14F2C48118A2E2425 /* StoreKitDonationService.swift in Sources */,
				87D22F5BA6144031BF880588 /* LocalDonationRecord.swift in Sources */,
				952F39F92C920778009A412D /* Version.swift in Sources */,
				95CC651E2E830DA70065E7AD /* DonationPromptView.swift in Sources */,
				952F39F52C9115F8009A412D /* Color.swift in Sources */,
				9510098A2C95364C0040B21A /* ChapterSummaries.swift in Sources */,
				95CC666F2E89B79B0065E7AD /* SafariViews.swift in Sources */,
				952F39EF2C907159009A412D /* Chapter.swift in Sources */,
				9537E2672C8A9E1E00FD56B9 /* UserViewModel.swift in Sources */,
				95978F1A2CA888E600C520EF /* Tab.swift in Sources */,
				951009882C9525250040B21A /* summaries.swift in Sources */,
				951009862C9520600040B21A /* UINavigationController.swift in Sources */,
				9510098C2C9537350040B21A /* NavigationTitle.swift in Sources */,
				956026C62DA85464006A9CFC /* MarkdownParser.swift in Sources */,
				951009822C9289630040B21A /* AppViewModel.swift in Sources */,
				95D6F6522E808D9E00042F87 /* VerseExplanationRequest.swift in Sources */,
				952F39CF2C8BA7F3009A412D /* ContentView.swift in Sources */,
				954BC9ED2C85012200FFCFA6 /* BookDetailView.swift in Sources */,
				951009802C92824A0040B21A /* SeeHighlightsView.swift in Sources */,
				95F3A0062F040001000A1B2C /* TranslationInfoView.swift in Sources */,
				952F39F72C920666009A412D /* Note.swift in Sources */,
				952F39E32C8F4874009A412D /* ParagraphParser.swift in Sources */,
				952F39DD2C8E36A7009A412D /* AuthenticateView.swift in Sources */,
				954BC9F42C8513A900FFCFA6 /* Testament.swift in Sources */,
				952F39E52C8F48B8009A412D /* Collection.swift in Sources */,
				7F85AD2685634C81DDD2F461 /* CacheService.swift in Sources */,
				95F8A0022F1A2B3400ABCDEF /* SavedDevotional.swift in Sources */,
				F4EC694D6427EB2F5F6A6AE5 /* DailyDevotional.swift in Sources */,
				AA0000012F130001000SPLASH /* SplashView.swift in Sources */,
				AA0000022F130001000SPLASH /* BookOpeningSplashView.swift in Sources */,
				AA0000032F130001000SPLASH /* GlowScaleSplashView.swift in Sources */,
				AA0000042F130001000SPLASH /* GradientShimmerSplashView.swift in Sources */,
				AA0000052F130001000SPLASH /* ParticleCrossSplashView.swift in Sources */,
				2862174888A3276568560CE5 /* Config.swift in Sources */,
				AA0000062F140001000ANALYT /* AnalyticsService.swift in Sources */,
				CC0000012F640001000NOTIF /* NotificationService.swift in Sources */,
				CC0000032F640001000NOTIF /* NotificationSettingsView.swift in Sources */,
				BB0000062F4D0001000TXTPK /* TextSourcesView.swift in Sources */,
				69E843EED8F1DD0E9ED2EB61 /* DonationPromptVariant.swift in Sources */,
				F922B9355548B1ECA572B372 /* DonationPromptLossView.swift in Sources */,
				0636AC49B24892B6D3218592 /* DonationPromptSocialView.swift in Sources */,
				9D42E2B7562582FC0FB94851 /* DonationPromptReciprocityView.swift in Sources */,
				0A871433E8C40242A762EBA1 /* DonationPromptAnchoringView.swift in Sources */,
				6CA76925561A17B90B4E22AA /* ReadingTheme.swift in Sources */,
				EE766E32F77570D9062D00CB /* AppIconOption.swift in Sources */,
				9C07E36A91DA85834225D6F3 /* ReadingSession.swift in Sources */,
				97B103699321A6A2D9DFFA8D /* ReadingStatsService.swift in Sources */,
				ACF0FA995E1B31913CE9B775 /* ReadingStatsView.swift in Sources */,
				E383E9966C655D2C252F97C3 /* AppIconPickerView.swift in Sources */,
			);
			runOnlyForDeploymentPostprocessing = 0;
		};
		95AB8B8B2CAB768000533AA5 /* Sources */ = {
			isa = PBXSourcesBuildPhase;
			buildActionMask = 2147483647;
			files = (
			);
			runOnlyForDeploymentPostprocessing = 0;
		};
/* End PBXSourcesBuildPhase section */

/* Begin PBXTargetDependency section */
		95AB8B962CAB768000533AA5 /* PBXTargetDependency */ = {
			isa = PBXTargetDependency;
			target = 954BC9CF2C84EDBE00FFCFA6 /* swiftbible */;
			targetProxy = 95AB8B952CAB768000533AA5 /* PBXContainerItemProxy */;
		};
/* End PBXTargetDependency section */

/* Begin XCBuildConfiguration section */
		954BC9DD2C84EDBF00FFCFA6 /* Debug */ = {
			isa = XCBuildConfiguration;
			buildSettings = {
				ALWAYS_SEARCH_USER_PATHS = NO;
				ASSETCATALOG_COMPILER_GENERATE_SWIFT_ASSET_SYMBOL_EXTENSIONS = YES;
				CLANG_ANALYZER_NONNULL = YES;
				CLANG_ANALYZER_NUMBER_OBJECT_CONVERSION = YES_AGGRESSIVE;
				CLANG_CXX_LANGUAGE_STANDARD = "gnu++20";
				CLANG_ENABLE_MODULES = YES;
				CLANG_ENABLE_OBJC_ARC = YES;
				CLANG_ENABLE_OBJC_WEAK = YES;
				CLANG_WARN_BLOCK_CAPTURE_AUTORELEASING = YES;
				CLANG_WARN_BOOL_CONVERSION = YES;
				CLANG_WARN_COMMA = YES;
				CLANG_WARN_CONSTANT_CONVERSION = YES;
				CLANG_WARN_DEPRECATED_OBJC_IMPLEMENTATIONS = YES;
				CLANG_WARN_DIRECT_OBJC_ISA_USAGE = YES_ERROR;
				CLANG_WARN_DOCUMENTATION_COMMENTS = YES;
				CLANG_WARN_EMPTY_BODY = YES;
				CLANG_WARN_ENUM_CONVERSION = YES;
				CLANG_WARN_INFINITE_RECURSION = YES;
				CLANG_WARN_INT_CONVERSION = YES;
				CLANG_WARN_NON_LITERAL_NULL_CONVERSION = YES;
				CLANG_WARN_OBJC_IMPLICIT_RETAIN_SELF = YES;
				CLANG_WARN_OBJC_LITERAL_CONVERSION = YES;
				CLANG_WARN_OBJC_ROOT_CLASS = YES_ERROR;
				CLANG_WARN_QUOTED_INCLUDE_IN_FRAMEWORK_HEADER = YES;
				CLANG_WARN_RANGE_LOOP_ANALYSIS = YES;
				CLANG_WARN_STRICT_PROTOTYPES = YES;
				CLANG_WARN_SUSPICIOUS_MOVE = YES;
				CLANG_WARN_UNGUARDED_AVAILABILITY = YES_AGGRESSIVE;
				CLANG_WARN_UNREACHABLE_CODE = YES;
				CLANG_WARN__DUPLICATE_METHOD_MATCH = YES;
				COPY_PHASE_STRIP = NO;
				DEAD_CODE_STRIPPING = YES;
				DEBUG_INFORMATION_FORMAT = dwarf;
				DEVELOPMENT_TEAM = 8Q3RG3ULSU;
				ENABLE_STRICT_OBJC_MSGSEND = YES;
				ENABLE_TESTABILITY = YES;
				ENABLE_USER_SCRIPT_SANDBOXING = YES;
				GCC_C_LANGUAGE_STANDARD = gnu17;
				GCC_DYNAMIC_NO_PIC = NO;
				GCC_NO_COMMON_BLOCKS = YES;
				GCC_OPTIMIZATION_LEVEL = 0;
				GCC_PREPROCESSOR_DEFINITIONS = (
					"DEBUG=1",
					"$(inherited)",
				);
				GCC_WARN_64_TO_32_BIT_CONVERSION = YES;
				GCC_WARN_ABOUT_RETURN_TYPE = YES_ERROR;
				GCC_WARN_UNDECLARED_SELECTOR = YES;
				GCC_WARN_UNINITIALIZED_AUTOS = YES_AGGRESSIVE;
				GCC_WARN_UNUSED_FUNCTION = YES;
				GCC_WARN_UNUSED_VARIABLE = YES;
				LOCALIZATION_PREFERS_STRING_CATALOGS = YES;
				MTL_ENABLE_DEBUG_INFO = INCLUDE_SOURCE;
				MTL_FAST_MATH = YES;
				ONLY_ACTIVE_ARCH = YES;
				STRING_CATALOG_GENERATE_SYMBOLS = YES;
				SWIFT_ACTIVE_COMPILATION_CONDITIONS = "DEBUG $(inherited)";
				SWIFT_OPTIMIZATION_LEVEL = "-Onone";
			};
			name = Debug;
		};
		954BC9DE2C84EDBF00FFCFA6 /* Release */ = {
			isa = XCBuildConfiguration;
			buildSettings = {
				ALWAYS_SEARCH_USER_PATHS = NO;
				ASSETCATALOG_COMPILER_GENERATE_SWIFT_ASSET_SYMBOL_EXTENSIONS = YES;
				CLANG_ANALYZER_NONNULL = YES;
				CLANG_ANALYZER_NUMBER_OBJECT_CONVERSION = YES_AGGRESSIVE;
				CLANG_CXX_LANGUAGE_STANDARD = "gnu++20";
				CLANG_ENABLE_MODULES = YES;
				CLANG_ENABLE_OBJC_ARC = YES;
				CLANG_ENABLE_OBJC_WEAK = YES;
				CLANG_WARN_BLOCK_CAPTURE_AUTORELEASING = YES;
				CLANG_WARN_BOOL_CONVERSION = YES;
				CLANG_WARN_COMMA = YES;
				CLANG_WARN_CONSTANT_CONVERSION = YES;
				CLANG_WARN_DEPRECATED_OBJC_IMPLEMENTATIONS = YES;
				CLANG_WARN_DIRECT_OBJC_ISA_USAGE = YES_ERROR;
				CLANG_WARN_DOCUMENTATION_COMMENTS = YES;
				CLANG_WARN_EMPTY_BODY = YES;
				CLANG_WARN_ENUM_CONVERSION = YES;
				CLANG_WARN_INFINITE_RECURSION = YES;
				CLANG_WARN_INT_CONVERSION = YES;
				CLANG_WARN_NON_LITERAL_NULL_CONVERSION = YES;
				CLANG_WARN_OBJC_IMPLICIT_RETAIN_SELF = YES;
				CLANG_WARN_OBJC_LITERAL_CONVERSION = YES;
				CLANG_WARN_OBJC_ROOT_CLASS = YES_ERROR;
				CLANG_WARN_QUOTED_INCLUDE_IN_FRAMEWORK_HEADER = YES;
				CLANG_WARN_RANGE_LOOP_ANALYSIS = YES;
				CLANG_WARN_STRICT_PROTOTYPES = YES;
				CLANG_WARN_SUSPICIOUS_MOVE = YES;
				CLANG_WARN_UNGUARDED_AVAILABILITY = YES_AGGRESSIVE;
				CLANG_WARN_UNREACHABLE_CODE = YES;
				CLANG_WARN__DUPLICATE_METHOD_MATCH = YES;
				COPY_PHASE_STRIP = NO;
				DEAD_CODE_STRIPPING = YES;
				DEBUG_INFORMATION_FORMAT = "dwarf-with-dsym";
				DEVELOPMENT_TEAM = 8Q3RG3ULSU;
				ENABLE_NS_ASSERTIONS = NO;
				ENABLE_STRICT_OBJC_MSGSEND = YES;
				ENABLE_USER_SCRIPT_SANDBOXING = YES;
				GCC_C_LANGUAGE_STANDARD = gnu17;
				GCC_NO_COMMON_BLOCKS = YES;
				GCC_WARN_64_TO_32_BIT_CONVERSION = YES;
				GCC_WARN_ABOUT_RETURN_TYPE = YES_ERROR;
				GCC_WARN_UNDECLARED_SELECTOR = YES;
				GCC_WARN_UNINITIALIZED_AUTOS = YES_AGGRESSIVE;
				GCC_WARN_UNUSED_FUNCTION = YES;
				GCC_WARN_UNUSED_VARIABLE = YES;
				LOCALIZATION_PREFERS_STRING_CATALOGS = YES;
				MTL_ENABLE_DEBUG_INFO = NO;
				MTL_FAST_MATH = YES;
				STRING_CATALOG_GENERATE_SYMBOLS = YES;
				SWIFT_COMPILATION_MODE = wholemodule;
			};
			name = Release;
		};
		954BC9E02C84EDBF00FFCFA6 /* Debug */ = {
			isa = XCBuildConfiguration;
			buildSettings = {
				ASSETCATALOG_COMPILER_ALTERNATE_APPICON_NAMES = "AppIcon-Classic AppIcon-Ivory AppIcon-Rose AppIcon-Ruby AppIcon-Ocean AppIcon-Midnight AppIcon-Sage AppIcon-Lavender AppIcon-Sunset AppIcon-Aurora AppIcon-Ember AppIcon-Frost AppIcon-Neon AppIcon-Copper AppIcon-Storm AppIcon-Blossom";
				ASSETCATALOG_COMPILER_APPICON_NAME = AppIcon;
				ASSETCATALOG_COMPILER_GLOBAL_ACCENT_COLOR_NAME = AccentColor;
				ASSETCATALOG_COMPILER_INCLUDE_ALL_APPICON_ASSETS = YES;
				CODE_SIGN_ENTITLEMENTS = swiftbible/swiftbible.entitlements;
				CODE_SIGN_STYLE = Automatic;
				CURRENT_PROJECT_VERSION = 1;
				DEAD_CODE_STRIPPING = YES;
				DEVELOPMENT_ASSET_PATHS = "\"swiftbible/Preview Content\"";
				ENABLE_APP_SANDBOX = YES;
				ENABLE_HARDENED_RUNTIME = YES;
				"ENABLE_HARDENED_RUNTIME[sdk=macosx*]" = YES;
				ENABLE_PREVIEWS = YES;
				ENABLE_USER_SELECTED_FILES = readonly;
				GENERATE_INFOPLIST_FILE = YES;
				INFOPLIST_FILE = swiftbible/Info.plist;
				INFOPLIST_KEY_CFBundleDisplayName = swiftbible;
				INFOPLIST_KEY_LSApplicationCategoryType = "public.app-category.books";
				"INFOPLIST_KEY_UIApplicationSceneManifest_Generation[sdk=iphoneos*]" = YES;
				"INFOPLIST_KEY_UIApplicationSceneManifest_Generation[sdk=iphonesimulator*]" = YES;
				"INFOPLIST_KEY_UIApplicationSupportsIndirectInputEvents[sdk=iphoneos*]" = YES;
				"INFOPLIST_KEY_UIApplicationSupportsIndirectInputEvents[sdk=iphonesimulator*]" = YES;
				"INFOPLIST_KEY_UIStatusBarStyle[sdk=iphoneos*]" = UIStatusBarStyleDefault;
				"INFOPLIST_KEY_UIStatusBarStyle[sdk=iphonesimulator*]" = UIStatusBarStyleDefault;
				INFOPLIST_KEY_UISupportedInterfaceOrientations_iPad = "UIInterfaceOrientationPortrait UIInterfaceOrientationPortraitUpsideDown UIInterfaceOrientationLandscapeLeft UIInterfaceOrientationLandscapeRight";
				INFOPLIST_KEY_UISupportedInterfaceOrientations_iPhone = "UIInterfaceOrientationPortrait UIInterfaceOrientationLandscapeLeft UIInterfaceOrientationLandscapeRight";
				IPHONEOS_DEPLOYMENT_TARGET = 18.0;
				LD_RUNPATH_SEARCH_PATHS = "@executable_path/Frameworks";
				"LD_RUNPATH_SEARCH_PATHS[sdk=macosx*]" = "@executable_path/../Frameworks";
				MACOSX_DEPLOYMENT_TARGET = 15.0;
				MARKETING_VERSION = 1.26;
				PRODUCT_BUNDLE_IDENTIFIER = com.vanities.swiftbible;
				PRODUCT_NAME = "$(TARGET_NAME)";
				SDKROOT = auto;
				SUPPORTED_PLATFORMS = "iphoneos iphonesimulator";
				SUPPORTS_MACCATALYST = NO;
				SUPPORTS_MAC_DESIGNED_FOR_IPHONE_IPAD = YES;
				SWIFT_EMIT_LOC_STRINGS = YES;
				SWIFT_VERSION = 5.0;
				TARGETED_DEVICE_FAMILY = "1,2";
				XROS_DEPLOYMENT_TARGET = 2.0;
			};
			name = Debug;
		};
		954BC9E12C84EDBF00FFCFA6 /* Release */ = {
			isa = XCBuildConfiguration;
			buildSettings = {
				ASSETCATALOG_COMPILER_ALTERNATE_APPICON_NAMES = "AppIcon-Classic AppIcon-Ivory AppIcon-Rose AppIcon-Ruby AppIcon-Ocean AppIcon-Midnight AppIcon-Sage AppIcon-Lavender AppIcon-Sunset AppIcon-Aurora AppIcon-Ember AppIcon-Frost AppIcon-Neon AppIcon-Copper AppIcon-Storm AppIcon-Blossom";
				ASSETCATALOG_COMPILER_APPICON_NAME = AppIcon;
				ASSETCATALOG_COMPILER_GLOBAL_ACCENT_COLOR_NAME = AccentColor;
				ASSETCATALOG_COMPILER_INCLUDE_ALL_APPICON_ASSETS = YES;
				CODE_SIGN_ENTITLEMENTS = swiftbible/swiftbible.entitlements;
				CODE_SIGN_STYLE = Automatic;
				CURRENT_PROJECT_VERSION = 1;
				DEAD_CODE_STRIPPING = YES;
				DEVELOPMENT_ASSET_PATHS = "\"swiftbible/Preview Content\"";
				ENABLE_APP_SANDBOX = YES;
				ENABLE_HARDENED_RUNTIME = YES;
				"ENABLE_HARDENED_RUNTIME[sdk=macosx*]" = YES;
				ENABLE_PREVIEWS = YES;
				ENABLE_USER_SELECTED_FILES = readonly;
				GENERATE_INFOPLIST_FILE = YES;
				INFOPLIST_FILE = swiftbible/Info.plist;
				INFOPLIST_KEY_CFBundleDisplayName = swiftbible;
				INFOPLIST_KEY_LSApplicationCategoryType = "public.app-category.books";
				"INFOPLIST_KEY_UIApplicationSceneManifest_Generation[sdk=iphoneos*]" = YES;
				"INFOPLIST_KEY_UIApplicationSceneManifest_Generation[sdk=iphonesimulator*]" = YES;
				"INFOPLIST_KEY_UIApplicationSupportsIndirectInputEvents[sdk=iphoneos*]" = YES;
				"INFOPLIST_KEY_UIApplicationSupportsIndirectInputEvents[sdk=iphonesimulator*]" = YES;
				"INFOPLIST_KEY_UIStatusBarStyle[sdk=iphoneos*]" = UIStatusBarStyleDefault;
				"INFOPLIST_KEY_UIStatusBarStyle[sdk=iphonesimulator*]" = UIStatusBarStyleDefault;
				INFOPLIST_KEY_UISupportedInterfaceOrientations_iPad = "UIInterfaceOrientationPortrait UIInterfaceOrientationPortraitUpsideDown UIInterfaceOrientationLandscapeLeft UIInterfaceOrientationLandscapeRight";
				INFOPLIST_KEY_UISupportedInterfaceOrientations_iPhone = "UIInterfaceOrientationPortrait UIInterfaceOrientationLandscapeLeft UIInterfaceOrientationLandscapeRight";
				IPHONEOS_DEPLOYMENT_TARGET = 18.0;
				LD_RUNPATH_SEARCH_PATHS = "@executable_path/Frameworks";
				"LD_RUNPATH_SEARCH_PATHS[sdk=macosx*]" = "@executable_path/../Frameworks";
				MACOSX_DEPLOYMENT_TARGET = 15.0;
				MARKETING_VERSION = 1.26;
				PRODUCT_BUNDLE_IDENTIFIER = com.vanities.swiftbible;
				PRODUCT_NAME = "$(TARGET_NAME)";
				SDKROOT = auto;
				SUPPORTED_PLATFORMS = "iphoneos iphonesimulator";
				SUPPORTS_MACCATALYST = NO;
				SUPPORTS_MAC_DESIGNED_FOR_IPHONE_IPAD = YES;
				SWIFT_EMIT_LOC_STRINGS = YES;
				SWIFT_VERSION = 5.0;
				TARGETED_DEVICE_FAMILY = "1,2";
				XROS_DEPLOYMENT_TARGET = 2.0;
			};
			name = Release;
		};
		95AB8B972CAB768000533AA5 /* Debug */ = {
			isa = XCBuildConfiguration;
			buildSettings = {
				CODE_SIGN_STYLE = Automatic;
				CURRENT_PROJECT_VERSION = 1;
				GENERATE_INFOPLIST_FILE = YES;
				IPHONEOS_DEPLOYMENT_TARGET = 18.1;
				MARKETING_VERSION = 1.0;
				PRODUCT_BUNDLE_IDENTIFIER = com.vanities.swiftbibleUITests;
				PRODUCT_NAME = "$(TARGET_NAME)";
				SDKROOT = iphoneos;
				SWIFT_EMIT_LOC_STRINGS = NO;
				SWIFT_VERSION = 5.0;
				TARGETED_DEVICE_FAMILY = "1,2";
				TEST_TARGET_NAME = swiftbible;
			};
			name = Debug;
		};
		95AB8B982CAB768000533AA5 /* Release */ = {
			isa = XCBuildConfiguration;
			buildSettings = {
				CODE_SIGN_STYLE = Automatic;
				CURRENT_PROJECT_VERSION = 1;
				GENERATE_INFOPLIST_FILE = YES;
				IPHONEOS_DEPLOYMENT_TARGET = 18.1;
				MARKETING_VERSION = 1.0;
				PRODUCT_BUNDLE_IDENTIFIER = com.vanities.swiftbibleUITests;
				PRODUCT_NAME = "$(TARGET_NAME)";
				SDKROOT = iphoneos;
				SWIFT_EMIT_LOC_STRINGS = NO;
				SWIFT_VERSION = 5.0;
				TARGETED_DEVICE_FAMILY = "1,2";
				TEST_TARGET_NAME = swiftbible;
				VALIDATE_PRODUCT = YES;
			};
			name = Release;
		};
/* End XCBuildConfiguration section */

/* Begin XCConfigurationList section */
		954BC9CB2C84EDBE00FFCFA6 /* Build configuration list for PBXProject "swiftbible" */ = {
			isa = XCConfigurationList;
			buildConfigurations = (
				954BC9DD2C84EDBF00FFCFA6 /* Debug */,
				954BC9DE2C84EDBF00FFCFA6 /* Release */,
			);
			defaultConfigurationIsVisible = 0;
			defaultConfigurationName = Release;
		};
		954BC9DF2C84EDBF00FFCFA6 /* Build configuration list for PBXNativeTarget "swiftbible" */ = {
			isa = XCConfigurationList;
			buildConfigurations = (
				954BC9E02C84EDBF00FFCFA6 /* Debug */,
				954BC9E12C84EDBF00FFCFA6 /* Release */,
			);
			defaultConfigurationIsVisible = 0;
			defaultConfigurationName = Release;
		};
		95AB8B992CAB768000533AA5 /* Build configuration list for PBXNativeTarget "swiftbibleUITests" */ = {
			isa = XCConfigurationList;
			buildConfigurations = (
				95AB8B972CAB768000533AA5 /* Debug */,
				95AB8B982CAB768000533AA5 /* Release */,
			);
			defaultConfigurationIsVisible = 0;
			defaultConfigurationName = Release;
		};
/* End XCConfigurationList section */

/* Begin XCRemoteSwiftPackageReference section */
		95186D032C893C8100C0949D /* XCRemoteSwiftPackageReference "supabase-swift" */ = {
			isa = XCRemoteSwiftPackageReference;
			repositoryURL = "https://github.com/supabase-community/supabase-swift.git";
			requirement = {
				kind = upToNextMajorVersion;
				minimumVersion = 2.5.1;
			};
		};
		95186D112C893F2F00C0949D /* XCRemoteSwiftPackageReference "supabase-swift" */ = {
			isa = XCRemoteSwiftPackageReference;
			repositoryURL = "https://github.com/supabase-community/supabase-swift.git";
			requirement = {
				kind = upToNextMajorVersion;
				minimumVersion = 2.5.1;
			};
		};
		952F39D82C8BBD3C009A412D /* XCRemoteSwiftPackageReference "swift-markdown-ui" */ = {
			isa = XCRemoteSwiftPackageReference;
			repositoryURL = "https://github.com/gonzalezreal/swift-markdown-ui.git";
			requirement = {
				kind = upToNextMajorVersion;
				minimumVersion = 2.4.0;
			};
		};
		955798362F5CD269001625A7 /* XCRemoteSwiftPackageReference "posthog-ios" */ = {
			isa = XCRemoteSwiftPackageReference;
			repositoryURL = "https://github.com/PostHog/posthog-ios.git";
			requirement = {
				kind = upToNextMajorVersion;
				minimumVersion = 3.45.1;
			};
		};
		956026C72DA85508006A9CFC /* XCRemoteSwiftPackageReference "Ink" */ = {
			isa = XCRemoteSwiftPackageReference;
			repositoryURL = "https://github.com/JohnSundell/Ink.git";
			requirement = {
				kind = upToNextMajorVersion;
				minimumVersion = 0.6.0;
			};
		};
		9571A6422E78588F0092C7E2 /* XCRemoteSwiftPackageReference "MJRefresh" */ = {
			isa = XCRemoteSwiftPackageReference;
			repositoryURL = "https://github.com/CoderMJLee/MJRefresh";
			requirement = {
				kind = upToNextMajorVersion;
				minimumVersion = 3.7.9;
			};
		};
		95CC662F2E89AD780065E7AD /* XCRemoteSwiftPackageReference "ConfettiSwiftUI" */ = {
			isa = XCRemoteSwiftPackageReference;
			repositoryURL = "https://github.com/simibac/ConfettiSwiftUI.git";
			requirement = {
				kind = upToNextMajorVersion;
				minimumVersion = 2.0.3;
			};
		};
/* End XCRemoteSwiftPackageReference section */

/* Begin XCSwiftPackageProductDependency section */
		95186D042C893C8100C0949D /* Auth */ = {
			isa = XCSwiftPackageProductDependency;
			package = 95186D032C893C8100C0949D /* XCRemoteSwiftPackageReference "supabase-swift" */;
			productName = Auth;
		};
		95186D062C893C8100C0949D /* Functions */ = {
			isa = XCSwiftPackageProductDependency;
			package = 95186D032C893C8100C0949D /* XCRemoteSwiftPackageReference "supabase-swift" */;
			productName = Functions;
		};
		95186D082C893C8100C0949D /* PostgREST */ = {
			isa = XCSwiftPackageProductDependency;
			package = 95186D032C893C8100C0949D /* XCRemoteSwiftPackageReference "supabase-swift" */;
			productName = PostgREST;
		};
		95186D0A2C893C8100C0949D /* Realtime */ = {
			isa = XCSwiftPackageProductDependency;
			package = 95186D032C893C8100C0949D /* XCRemoteSwiftPackageReference "supabase-swift" */;
			productName = Realtime;
		};
		95186D0C2C893C8100C0949D /* Storage */ = {
			isa = XCSwiftPackageProductDependency;
			package = 95186D032C893C8100C0949D /* XCRemoteSwiftPackageReference "supabase-swift" */;
			productName = Storage;
		};
		952F39D92C8BBD3C009A412D /* MarkdownUI */ = {
			isa = XCSwiftPackageProductDependency;
			package = 952F39D82C8BBD3C009A412D /* XCRemoteSwiftPackageReference "swift-markdown-ui" */;
			productName = MarkdownUI;
		};
		9537E25D2C893FBD00FD56B9 /* Supabase */ = {
			isa = XCSwiftPackageProductDependency;
			package = 95186D112C893F2F00C0949D /* XCRemoteSwiftPackageReference "supabase-swift" */;
			productName = Supabase;
		};
		955798372F5CD269001625A7 /* PostHog */ = {
			isa = XCSwiftPackageProductDependency;
			package = 955798362F5CD269001625A7 /* XCRemoteSwiftPackageReference "posthog-ios" */;
			productName = PostHog;
		};
		956026C82DA85508006A9CFC /* Ink */ = {
			isa = XCSwiftPackageProductDependency;
			package = 956026C72DA85508006A9CFC /* XCRemoteSwiftPackageReference "Ink" */;
			productName = Ink;
		};
		9571A6432E78588F0092C7E2 /* MJRefresh */ = {
			isa = XCSwiftPackageProductDependency;
			package = 9571A6422E78588F0092C7E2 /* XCRemoteSwiftPackageReference "MJRefresh" */;
			productName = MJRefresh;
		};
		95CC66302E89AD780065E7AD /* ConfettiSwiftUI */ = {
			isa = XCSwiftPackageProductDependency;
			package = 95CC662F2E89AD780065E7AD /* XCRemoteSwiftPackageReference "ConfettiSwiftUI" */;
			productName = ConfettiSwiftUI;
		};
/* End XCSwiftPackageProductDependency section */
	};
	rootObject = 954BC9C82C84EDBE00FFCFA6 /* Project object */;
}
